// !$*UTF8*$!
{
	archiveVersion = 1;
	classes = {
	};
	objectVersion = 50;
	objects = {

/* Begin PBXBuildFile section */
		FD834B04223F6E5100FF4DC9 /* AppDelegate.m in Sources */ = {isa = PBXBuildFile; fileRef = FD834B03223F6E5100FF4DC9 /* AppDelegate.m */; };
		FD834B07223F6E5100FF4DC9 /* ViewController.m in Sources */ = {isa = PBXBuildFile; fileRef = FD834B06223F6E5100FF4DC9 /* ViewController.m */; };
		FD834B0A223F6E5100FF4DC9 /* Main.storyboard in Resources */ = {isa = PBXBuildFile; fileRef = FD834B08223F6E5100FF4DC9 /* Main.storyboard */; };
		FD834B0C223F6E6800FF4DC9 /* Assets.xcassets in Resources */ = {isa = PBXBuildFile; fileRef = FD834B0B223F6E6800FF4DC9 /* Assets.xcassets */; };
		FD834B0F223F6E6800FF4DC9 /* LaunchScreen.storyboard in Resources */ = {isa = PBXBuildFile; fileRef = FD834B0D223F6E6800FF4DC9 /* LaunchScreen.storyboard */; };
		FD834B12223F6E6800FF4DC9 /* main.m in Sources */ = {isa = PBXBuildFile; fileRef = FD834B11223F6E6800FF4DC9 /* main.m */; };
/* End PBXBuildFile section */

/* Begin PBXFileReference section */
		FD834AFF223F6E5100FF4DC9 /* lesson20-1-IBOutlets.app */ = {isa = PBXFileReference; explicitFileType = wrapper.application; includeInIndex = 0; path = "lesson20-1-IBOutlets.app"; sourceTree = BUILT_PRODUCTS_DIR; };
		FD834B02223F6E5100FF4DC9 /* AppDelegate.h */ = {isa = PBXFileReference; lastKnownFileType = sourcecode.c.h; path = AppDelegate.h; sourceTree = "<group>"; };
		FD834B03223F6E5100FF4DC9 /* AppDelegate.m */ = {isa = PBXFileReference; lastKnownFileType = sourcecode.c.objc; path = AppDelegate.m; sourceTree = "<group>"; };
		FD834B05223F6E5100FF4DC9 /* ViewController.h */ = {isa = PBXFileReference; lastKnownFileType = sourcecode.c.h; path = ViewController.h; sourceTree = "<group>"; };
		FD834B06223F6E5100FF4DC9 /* ViewController.m */ = {isa = PBXFileReference; lastKnownFileType = sourcecode.c.objc; path = ViewController.m; sourceTree = "<group>"; };
		FD834B09223F6E5100FF4DC9 /* Base */ = {isa = PBXFileReference; lastKnownFileType = file.storyboard; name = Base; path = Base.lproj/Main.storyboard; sourceTree = "<group>"; };
		FD834B0B223F6E6800FF4DC9 /* Assets.xcassets */ = {isa = PBXFileReference; lastKnownFileType = folder.assetcatalog; path = Assets.xcassets; sourceTree = "<group>"; };
		FD834B0E223F6E6800FF4DC9 /* Base */ = {isa = PBXFileReference; lastKnownFileType = file.storyboard; name = Base; path = Base.lproj/LaunchScreen.storyboard; sourceTree = "<group>"; };
		FD834B10223F6E6800FF4DC9 /* Info.plist */ = {isa = PBXFileReference; lastKnownFileType = text.plist.xml; path = Info.plist; sourceTree = "<group>"; };
		FD834B11223F6E6800FF4DC9 /* main.m */ = {isa = PBXFileReference; lastKnownFileType = sourcecode.c.objc; path = main.m; sourceTree = "<group>"; };
/* End PBXFileReference section */

/* Begin PBXFrameworksBuildPhase section */
		FD834AFC223F6E5100FF4DC9 /* Frameworks */ = {
			isa = PBXFrameworksBuildPhase;
			buildActionMask = 2147483647;
			files = (
			);
			runOnlyForDeploymentPostprocessing = 0;
		};
/* End PBXFrameworksBuildPhase section */

/* Begin PBXGroup section */
		FD834AF6223F6E5100FF4DC9 = {
			isa = PBXGroup;
			children = (
				FD834B01223F6E5100FF4DC9 /* lesson20-1-IBOutlets */,
				FD834B00223F6E5100FF4DC9 /* Products */,
			);
			sourceTree = "<group>";
		};
		FD834B00223F6E5100FF4DC9 /* Products */ = {
			isa = PBXGroup;
			children = (
				FD834AFF223F6E5100FF4DC9 /* lesson20-1-IBOutlets.app */,
			);
			name = Products;
			sourceTree = "<group>";
		};
		FD834B01223F6E5100FF4DC9 /* lesson20-1-IBOutlets */ = {
			isa = PBXGroup;
			children = (
				FD834B02223F6E5100FF4DC9 /* AppDelegate.h */,
				FD834B03223F6E5100FF4DC9 /* AppDelegate.m */,
				FD834B05223F6E5100FF4DC9 /* ViewController.h */,
				FD834B06223F6E5100FF4DC9 /* ViewController.m */,
				FD834B08223F6E5100FF4DC9 /* Main.storyboard */,
				FD834B0B223F6E6800FF4DC9 /* Assets.xcassets */,
				FD834B0D223F6E6800FF4DC9 /* LaunchScreen.storyboard */,
				FD834B10223F6E6800FF4DC9 /* Info.plist */,
				FD834B11223F6E6800FF4DC9 /* main.m */,
			);
			path = "lesson20-1-IBOutlets";
			sourceTree = "<group>";
		};
/* End PBXGroup section */

/* Begin PBXNativeTarget section */
		FD834AFE223F6E5100FF4DC9 /* lesson20-1-IBOutlets */ = {
			isa = PBXNativeTarget;
			buildConfigurationList = FD834B15223F6E6800FF4DC9 /* Build configuration list for PBXNativeTarget "lesson20-1-IBOutlets" */;
			buildPhases = (
				FD834AFB223F6E5100FF4DC9 /* Sources */,
				FD834AFC223F6E5100FF4DC9 /* Frameworks */,
				FD834AFD223F6E5100FF4DC9 /* Resources */,
			);
			buildRules = (
			);
			dependencies = (
			);
			name = "lesson20-1-IBOutlets";
			productName = "lesson20-1-IBOutlets";
			productReference = FD834AFF223F6E5100FF4DC9 /* lesson20-1-IBOutlets.app */;
			productType = "com.apple.product-type.application";
		};
/* End PBXNativeTarget section */

/* Begin PBXProject section */
		FD834AF7223F6E5100FF4DC9 /* Project object */ = {
			isa = PBXProject;
			attributes = {
				LastUpgradeCheck = 1010;
				ORGANIZATIONNAME = AnatolyRyavkin;
				TargetAttributes = {
					FD834AFE223F6E5100FF4DC9 = {
						CreatedOnToolsVersion = 10.1;
					};
				};
			};
			buildConfigurationList = FD834AFA223F6E5100FF4DC9 /* Build configuration list for PBXProject "lesson20-1-IBOutlets" */;
			compatibilityVersion = "Xcode 9.3";
			developmentRegion = en;
			hasScannedForEncodings = 0;
			knownRegions = (
				en,
				Base,
			);
			mainGroup = FD834AF6223F6E5100FF4DC9;
			productRefGroup = FD834B00223F6E5100FF4DC9 /* Products */;
			projectDirPath = "";
			projectRoot = "";
			targets = (
				FD834AFE223F6E5100FF4DC9 /* lesson20-1-IBOutlets */,
			);
		};
/* End PBXProject section */

/* Begin PBXResourcesBuildPhase section */
		FD834AFD223F6E5100FF4DC9 /* Resources */ = {
			isa = PBXResourcesBuildPhase;
			buildActionMask = 2147483647;
			files = (
				FD834B0F223F6E6800FF4DC9 /* LaunchScreen.storyboard in Resources */,
				FD834B0C223F6E6800FF4DC9 /* Assets.xcassets in Resources */,
				FD834B0A223F6E5100FF4DC9 /* Main.storyboard in Resources */,
			);
			runOnlyForDeploymentPostprocessing = 0;
		};
/* End PBXResourcesBuildPhase section */

/* Begin PBXSourcesBuildPhase section */
		FD834AFB223F6E5100FF4DC9 /* Sources */ = {
			isa = PBXSourcesBuildPhase;
			buildActionMask = 2147483647;
			files = (
				FD834B07223F6E5100FF4DC9 /* ViewController.m in Sources */,
				FD834B12223F6E6800FF4DC9 /* main.m in Sources */,
				FD834B04223F6E5100FF4DC9 /* AppDelegate.m in Sources */,
			);
			runOnlyForDeploymentPostprocessing = 0;
		};
/* End PBXSourcesBuildPhase section */

/* Begin PBXVariantGroup section */
		FD834B08223F6E5100FF4DC9 /* Main.storyboard */ = {
			isa = PBXVariantGroup;
			children = (
				FD834B09223F6E5100FF4DC9 /* Base */,
			);
			name = Main.storyboard;
			sourceTree = "<group>";
		};
		FD834B0D223F6E6800FF4DC9 /* LaunchScreen.storyboard */ = {
			isa = PBXVariantGroup;
			children = (
				FD834B0E223F6E6800FF4DC9 /* Base */,
			);
			name = LaunchScreen.storyboard;
			sourceTree = "<group>";
		};
/* End PBXVariantGroup section */

/* Begin XCBuildConfiguration section */
		FD834B13223F6E6800FF4DC9 /* Debug */ = {
			isa = XCBuildConfiguration;
			buildSettings = {
				ALWAYS_SEARCH_USER_PATHS = NO;
				CLANG_ANALYZER_NONNULL = YES;
				CLANG_ANALYZER_NUMBER_OBJECT_CONVERSION = YES_AGGRESSIVE;
				CLANG_CXX_LANGUAGE_STANDARD = "gnu++14";
				CLANG_CXX_LIBRARY = "libc++";
				CLANG_ENABLE_MODULES = YES;
				CLANG_ENABLE_OBJC_ARC = YES;
				CLANG_ENABLE_OBJC_WEAK = YES;
				CLANG_WARN_BLOCK_CAPTURE_AUTORELEASING = YES;
				CLANG_WARN_BOOL_CONVERSION = YES;
				CLANG_WARN_COMMA = YES;
				CLANG_WARN_CONSTANT_CONVERSION = YES;
				CLANG_WARN_DEPRECATED_OBJC_IMPLEMENTATIONS = YES;
				CLANG_WARN_DIRECT_OBJC_ISA_USAGE = YES_ERROR;
				CLANG_WARN_DOCUMENTATION_COMMENTS = YES;
				CLANG_WARN_EMPTY_BODY = YES;
				CLANG_WARN_ENUM_CONVERSION = YES;
				CLANG_WARN_INFINITE_RECURSION = YES;
				CLANG_WARN_INT_CONVERSION = YES;
				CLANG_WARN_NON_LITERAL_NULL_CONVERSION = YES;
				CLANG_WARN_OBJC_IMPLICIT_RETAIN_SELF = YES;
				CLANG_WARN_OBJC_LITERAL_CONVERSION = YES;
				CLANG_WARN_OBJC_ROOT_CLASS = YES_ERROR;
				CLANG_WARN_RANGE_LOOP_ANALYSIS = YES;
				CLANG_WARN_STRICT_PROTOTYPES = YES;
				CLANG_WARN_SUSPICIOUS_MOVE = YES;
				CLANG_WARN_UNGUARDED_AVAILABILITY = YES_AGGRESSIVE;
				CLANG_WARN_UNREACHABLE_CODE = YES;
				CLANG_WARN__DUPLICATE_METHOD_MATCH = YES;
				CODE_SIGN_IDENTITY = "iPhone Developer";
				COPY_PHASE_STRIP = NO;
				DEBUG_INFORMATION_FORMAT = dwarf;
				ENABLE_STRICT_OBJC_MSGSEND = YES;
				ENABLE_TESTABILITY = YES;
				GCC_C_LANGUAGE_STANDARD = gnu11;
				GCC_DYNAMIC_NO_PIC = NO;
				GCC_NO_COMMON_BLOCKS = YES;
				GCC_OPTIMIZATION_LEVEL = 0;
				GCC_PREPROCESSOR_DEFINITIONS = (
					"DEBUG=1",
					"$(inherited)",
				);
				GCC_WARN_64_TO_32_BIT_CONVERSION = YES;
				GCC_WARN_ABOUT_RETURN_TYPE = YES_ERROR;
				GCC_WARN_UNDECLARED_SELECTOR = YES;
				GCC_WARN_UNINITIALIZED_AUTOS = YES_AGGRESSIVE;
				GCC_WARN_UNUSED_FUNCTION = YES;
				GCC_WARN_UNUSED_VARIABLE = YES;
				IPHONEOS_DEPLOYMENT_TARGET = 12.1;
				MTL_ENABLE_DEBUG_INFO = INCLUDE_SOURCE;
				MTL_FAST_MATH = YES;
				ONLY_ACTIVE_ARCH = YES;
				SDKROOT = iphoneos;
			};
			name = Debug;
		};
		FD834B14223F6E6800FF4DC9 /* Release */ = {
			isa = XCBuildConfiguration;
			buildSettings = {
				ALWAYS_SEARCH_USER_PATHS = NO;
				CLANG_ANALYZER_NONNULL = YES;
				CLANG_ANALYZER_NUMBER_OBJECT_CONVERSION = YES_AGGRESSIVE;
				CLANG_CXX_LANGUAGE_STANDARD = "gnu++14";
				CLANG_CXX_LIBRARY = "libc++";
				CLANG_ENABLE_MODULES = YES;
				CLANG_ENABLE_OBJC_ARC = YES;
				CLANG_ENABLE_OBJC_WEAK = YES;
				CLANG_WARN_BLOCK_CAPTURE_AUTORELEASING = YES;
				CLANG_WARN_BOOL_CONVERSION = YES;
				CLANG_WARN_COMMA = YES;
				CLANG_WARN_CONSTANT_CONVERSION = YES;
				CLANG_WARN_DEPRECATED_OBJC_IMPLEMENTATIONS = YES;
				CLANG_WARN_DIRECT_OBJC_ISA_USAGE = YES_ERROR;
				CLANG_WARN_DOCUMENTATION_COMMENTS = YES;
				CLANG_WARN_EMPTY_BODY = YES;
				CLANG_WARN_ENUM_CONVERSION = YES;
				CLANG_WARN_INFINITE_RECURSION = YES;
				CLANG_WARN_INT_CONVERSION = YES;
				CLANG_WARN_NON_LITERAL_NULL_CONVERSION = YES;
				CLANG_WARN_OBJC_IMPLICIT_RETAIN_SELF = YES;
				CLANG_WARN_OBJC_LITERAL_CONVERSION = YES;
				CLANG_WARN_OBJC_ROOT_CLASS = YES_ERROR;
				CLANG_WARN_RANGE_LOOP_ANALYSIS = YES;
				CLANG_WARN_STRICT_PROTOTYPES = YES;
				CLANG_WARN_SUSPICIOUS_MOVE = YES;
				CLANG_WARN_UNGUARDED_AVAILABILITY = YES_AGGRESSIVE;
				CLANG_WARN_UNREACHABLE_CODE = YES;
				CLANG_WARN__DUPLICATE_METHOD_MATCH = YES;
				CODE_SIGN_IDENTITY = "iPhone Developer";
				COPY_PHASE_STRIP = NO;
				DEBUG_INFORMATION_FORMAT = "dwarf-with-dsym";
				ENABLE_NS_ASSERTIONS = NO;
				ENABLE_STRICT_OBJC_MSGSEND = YES;
				GCC_C_LANGUAGE_STANDARD = gnu11;
				GCC_NO_COMMON_BLOCKS = YES;
				GCC_WARN_64_TO_32_BIT_CONVERSION = YES;
				GCC_WARN_ABOUT_RETURN_TYPE = YES_ERROR;
				GCC_WARN_UNDECLARED_SELECTOR = YES;
				GCC_WARN_UNINITIALIZED_AUTOS = YES_AGGRESSIVE;
				GCC_WARN_UNUSED_FUNCTION = YES;
				GCC_WARN_UNUSED_VARIABLE = YES;
				IPHONEOS_DEPLOYMENT_TARGET = 12.1;
				MTL_ENABLE_DEBUG_INFO = NO;
				MTL_FAST_MATH = YES;
				SDKROOT = iphoneos;
				VALIDATE_PRODUCT = YES;
			};
			name = Release;
		};
		FD834B16223F6E6800FF4DC9 /* Debug */ = {
			isa = XCBuildConfiguration;
			buildSettings = {
				ASSETCATALOG_COMPILER_APPICON_NAME = AppIcon;
				CODE_SIGN_STYLE = Automatic;
				DEVELOPMENT_TEAM = 92NKZ7998L;
				INFOPLIST_FILE = "lesson20-1-IBOutlets/Info.plist";
				LD_RUNPATH_SEARCH_PATHS = (
					"$(inherited)",
					"@executable_path/Frameworks",
				);
				PRODUCT_BUNDLE_IDENTIFIER = "AnatatolyRyavkin.lesson20-1-IBOutlets";
				PRODUCT_NAME = "$(TARGET_NAME)";
				TARGETED_DEVICE_FAMILY = "1,2";
			};
			name = Debug;
		};
		FD834B17223F6E6800FF4DC9 /* Release */ = {
			isa = XCBuildConfiguration;
			buildSettings = {
				ASSETCATALOG_COMPILER_APPICON_NAME = AppIcon;
				CODE_SIGN_STYLE = Automatic;
				DEVELOPMENT_TEAM = 92NKZ7998L;
				INFOPLIST_FILE = "lesson20-1-IBOutlets/Info.plist";
				LD_RUNPATH_SEARCH_PATHS = (
					"$(inherited)",
					"@executable_path/Frameworks",
				);
				PRODUCT_BUNDLE_IDENTIFIER = "AnatatolyRyavkin.lesson20-1-IBOutlets";
				PRODUCT_NAME = "$(TARGET_NAME)";
				TARGETED_DEVICE_FAMILY = "1,2";
			};
			name = Release;
		};
/* End XCBuildConfiguration section */

/* Begin XCConfigurationList section */
		FD834AFA223F6E5100FF4DC9 /* Build configuration list for PBXProject "lesson20-1-IBOutlets" */ = {
			isa = XCConfigurationList;
			buildConfigurations = (
				FD834B13223F6E6800FF4DC9 /* Debug */,
				FD834B14223F6E6800FF4DC9 /* Release */,
			);
			defaultConfigurationIsVisible = 0;
			defaultConfigurationName = Release;
		};
		FD834B15223F6E6800FF4DC9 /* Build configuration list for PBXNativeTarget "lesson20-1-IBOutlets" */ = {
			isa = XCConfigurationList;
			buildConfigurations = (
				FD834B16223F6E6800FF4DC9 /* Debug */,
				FD834B17223F6E6800FF4DC9 /* Release */,
			);
			defaultConfigurationIsVisible = 0;
			defaultConfigurationName = Release;
		};
/* End XCConfigurationList section */
	};
	rootObject = FD834AF7223F6E5100FF4DC9 /* Project object */;
}
